PODS:
  - Flutter (1.0.0)
  - image_picker (0.0.1):
    - Flutter
  - TensorFlowLite (1.12.0)
  - tflite (1.0.1):
    - Flutter
    - TensorFlowLite

DEPENDENCIES:
  - Flutter (from `.symlinks/flutter/ios`)
  - image_picker (from `.symlinks/plugins/image_picker/ios`)
  - tflite (from `.symlinks/plugins/tflite/ios`)

SPEC REPOS:
  https://github.com/cocoapods/specs.git:
    - TensorFlowLite

EXTERNAL SOURCES:
  Flutter:
    :path: ".symlinks/flutter/ios"
  image_picker:
    :path: ".symlinks/plugins/image_picker/ios"
  tflite:
    :path: ".symlinks/plugins/tflite/ios"

SPEC CHECKSUMS:
  Flutter: 58dd7d1b27887414a370fcccb9e645c08ffd7a6a
  image_picker: a211f28b95a560433c00f5cd3773f4710a20404d
  TensorFlowLite: e81aef029750aa46b42ad16553fa4cddd81498cc
  tflite: 662f66a519252e2d254b7434d7f0da5e7c937f40

PODFILE CHECKSUM: 1e5af4103afd21ca5ead147d7b81d06f494f51a2

COCOAPODS: 1.6.0
